
Microsoft Visual Studio Solution File, Format Version 12.00
# Visual Studio Version 16
VisualStudioVersion = 16.0.30320.27
MinimumVisualStudioVersion = 10.0.40219.1
Project("{FAE04EC0-301F-11D3-BF4B-00C04F79EFBC}") = "L01_AuthorizationAndAuthentication_HW1", "L01_AuthorizationAndAuthentication_HW1\L01_AuthorizationAndAuthentication_HW1.csproj", "{A2CF13E4-0A48-4E31-87D5-C8B7C1E96EF9}"
EndProject
Project("{FAE04EC0-301F-11D3-BF4B-00C04F79EFBC}") = "L02_BundlingAndMinification_HW1", "L02_BundlingAndMinification_HW1\L02_BundlingAndMinification_HW1.csproj", "{9C371563-A9A1-426C-86D6-72280E9F6A1D}"
EndProject
Project("{FAE04EC0-301F-11D3-BF4B-00C04F79EFBC}") = "L03_Bootstrap_HW1", "L03_Bootstrap_HW1\L03_Bootstrap_HW1.csproj", "{C48F9483-8A12-4B2C-A4CC-5531F5C616D6}"
EndProject
Project("{FAE04EC0-301F-11D3-BF4B-00C04F79EFBC}") = "L03_Bootstrap_HW2", "L03_Bootstrap_HW2\L03_Bootstrap_HW2.csproj", "{9D7E630A-2B11-4758-8761-B9CF58F9460A}"
EndProject
Project("{FAE04EC0-301F-11D3-BF4B-00C04F79EFBC}") = "L05_Tests_HW1", "L05_Tests_HW1\L05_Tests_HW1.csproj", "{5A12A484-892E-4D2F-BAC1-3CFD0B14D585}"
EndProject
Project("{FAE04EC0-301F-11D3-BF4B-00C04F79EFBC}") = "L05_Tests_HW1.Tests", "L05_Tests_HW1.Tests\L05_Tests_HW1.Tests.csproj", "{08CF0970-B595-477A-B49D-D439DDFA50C0}"
EndProject
Project("{FAE04EC0-301F-11D3-BF4B-00C04F79EFBC}") = "L05_Tests_HW2a", "L05_Tests_HW2a\L05_Tests_HW2a.csproj", "{A0A47360-E12D-49E6-BD8E-C8FA7487B4E3}"
EndProject
Project("{FAE04EC0-301F-11D3-BF4B-00C04F79EFBC}") = "L05_Tests_HW2a_test", "L05_Tests_HW2a_test\L05_Tests_HW2a_test.csproj", "{7394899C-B96E-478B-BC8B-3DD94B87EB1C}"
EndProject
Project("{FAE04EC0-301F-11D3-BF4B-00C04F79EFBC}") = "L05_Tests_HW2b", "L05_Tests_HW2b\L05_Tests_HW2b.csproj", "{F12EE059-72FD-4FDD-BB02-D43D2E1CC87B}"
EndProject
Project("{FAE04EC0-301F-11D3-BF4B-00C04F79EFBC}") = "L05_Tests_HW2b.Tests", "L05_Tests_HW2b.Tests\L05_Tests_HW2b.Tests.csproj", "{7704AB6C-F29C-4901-8127-81ACF7E29A97}"
EndProject
Global
	GlobalSection(SolutionConfigurationPlatforms) = preSolution
		Debug|Any CPU = Debug|Any CPU
		Release|Any CPU = Release|Any CPU
	EndGlobalSection
	GlobalSection(ProjectConfigurationPlatforms) = postSolution
		{A2CF13E4-0A48-4E31-87D5-C8B7C1E96EF9}.Debug|Any CPU.ActiveCfg = Debug|Any CPU
		{A2CF13E4-0A48-4E31-87D5-C8B7C1E96EF9}.Debug|Any CPU.Build.0 = Debug|Any CPU
		{A2CF13E4-0A48-4E31-87D5-C8B7C1E96EF9}.Release|Any CPU.ActiveCfg = Release|Any CPU
		{A2CF13E4-0A48-4E31-87D5-C8B7C1E96EF9}.Release|Any CPU.Build.0 = Release|Any CPU
		{9C371563-A9A1-426C-86D6-72280E9F6A1D}.Debug|Any CPU.ActiveCfg = Debug|Any CPU
		{9C371563-A9A1-426C-86D6-72280E9F6A1D}.Debug|Any CPU.Build.0 = Debug|Any CPU
		{9C371563-A9A1-426C-86D6-72280E9F6A1D}.Release|Any CPU.ActiveCfg = Release|Any CPU
		{9C371563-A9A1-426C-86D6-72280E9F6A1D}.Release|Any CPU.Build.0 = Release|Any CPU
		{C48F9483-8A12-4B2C-A4CC-5531F5C616D6}.Debug|Any CPU.ActiveCfg = Debug|Any CPU
		{C48F9483-8A12-4B2C-A4CC-5531F5C616D6}.Debug|Any CPU.Build.0 = Debug|Any CPU
		{C48F9483-8A12-4B2C-A4CC-5531F5C616D6}.Release|Any CPU.ActiveCfg = Release|Any CPU
		{C48F9483-8A12-4B2C-A4CC-5531F5C616D6}.Release|Any CPU.Build.0 = Release|Any CPU
		{9D7E630A-2B11-4758-8761-B9CF58F9460A}.Debug|Any CPU.ActiveCfg = Debug|Any CPU
		{9D7E630A-2B11-4758-8761-B9CF58F9460A}.Debug|Any CPU.Build.0 = Debug|Any CPU
		{9D7E630A-2B11-4758-8761-B9CF58F9460A}.Release|Any CPU.ActiveCfg = Release|Any CPU
		{9D7E630A-2B11-4758-8761-B9CF58F9460A}.Release|Any CPU.Build.0 = Release|Any CPU
		{5A12A484-892E-4D2F-BAC1-3CFD0B14D585}.Debug|Any CPU.ActiveCfg = Debug|Any CPU
		{5A12A484-892E-4D2F-BAC1-3CFD0B14D585}.Debug|Any CPU.Build.0 = Debug|Any CPU
		{5A12A484-892E-4D2F-BAC1-3CFD0B14D585}.Release|Any CPU.ActiveCfg = Release|Any CPU
		{5A12A484-892E-4D2F-BAC1-3CFD0B14D585}.Release|Any CPU.Build.0 = Release|Any CPU
		{08CF0970-B595-477A-B49D-D439DDFA50C0}.Debug|Any CPU.ActiveCfg = Debug|Any CPU
		{08CF0970-B595-477A-B49D-D439DDFA50C0}.Debug|Any CPU.Build.0 = Debug|Any CPU
		{08CF0970-B595-477A-B49D-D439DDFA50C0}.Release|Any CPU.ActiveCfg = Release|Any CPU
		{08CF0970-B595-477A-B49D-D439DDFA50C0}.Release|Any CPU.Build.0 = Release|Any CPU
		{A0A47360-E12D-49E6-BD8E-C8FA7487B4E3}.Debug|Any CPU.ActiveCfg = Debug|Any CPU
		{A0A47360-E12D-49E6-BD8E-C8FA7487B4E3}.Debug|Any CPU.Build.0 = Debug|Any CPU
		{A0A47360-E12D-49E6-BD8E-C8FA7487B4E3}.Release|Any CPU.ActiveCfg = Release|Any CPU
		{A0A47360-E12D-49E6-BD8E-C8FA7487B4E3}.Release|Any CPU.Build.0 = Release|Any CPU
		{7394899C-B96E-478B-BC8B-3DD94B87EB1C}.Debug|Any CPU.ActiveCfg = Debug|Any CPU
		{7394899C-B96E-478B-BC8B-3DD94B87EB1C}.Debug|Any CPU.Build.0 = Debug|Any CPU
		{7394899C-B96E-478B-BC8B-3DD94B87EB1C}.Release|Any CPU.ActiveCfg = Release|Any CPU
		{7394899C-B96E-478B-BC8B-3DD94B87EB1C}.Release|Any CPU.Build.0 = Release|Any CPU
		{F12EE059-72FD-4FDD-BB02-D43D2E1CC87B}.Debug|Any CPU.ActiveCfg = Debug|Any CPU
		{F12EE059-72FD-4FDD-BB02-D43D2E1CC87B}.Debug|Any CPU.Build.0 = Debug|Any CPU
		{F12EE059-72FD-4FDD-BB02-D43D2E1CC87B}.Release|Any CPU.ActiveCfg = Release|Any CPU
		{F12EE059-72FD-4FDD-BB02-D43D2E1CC87B}.Release|Any CPU.Build.0 = Release|Any CPU
		{7704AB6C-F29C-4901-8127-81ACF7E29A97}.Debug|Any CPU.ActiveCfg = Debug|Any CPU
		{7704AB6C-F29C-4901-8127-81ACF7E29A97}.Debug|Any CPU.Build.0 = Debug|Any CPU
		{7704AB6C-F29C-4901-8127-81ACF7E29A97}.Release|Any CPU.ActiveCfg = Release|Any CPU
		{7704AB6C-F29C-4901-8127-81ACF7E29A97}.Release|Any CPU.Build.0 = Release|Any CPU
	EndGlobalSection
	GlobalSection(SolutionProperties) = preSolution
		HideSolutionNode = FALSE
	EndGlobalSection
	GlobalSection(ExtensibilityGlobals) = postSolution
		SolutionGuid = {B7612CAE-25B2-470B-9FCA-79368C0E6DCA}
	EndGlobalSection
EndGlobal
